// !$*UTF8*$!
{
	archiveVersion = 1;
	classes = {
	};
	objectVersion = 56;
	objects = {

/* Begin PBXBuildFile section */
		329153CF2A864D5C007BBF35 /* CustomFramworkTestFieldApp.swift in Sources */ = {isa = PBXBuildFile; fileRef = 329153CE2A864D5C007BBF35 /* CustomFramworkTestFieldApp.swift */; };
		329153D12A864D5C007BBF35 /* ContentView.swift in Sources */ = {isa = PBXBuildFile; fileRef = 329153D02A864D5C007BBF35 /* ContentView.swift */; };
		329153D32A864D5C007BBF35 /* Assets.xcassets in Resources */ = {isa = PBXBuildFile; fileRef = 329153D22A864D5C007BBF35 /* Assets.xcassets */; };
		329153D62A864D5C007BBF35 /* Preview Assets.xcassets in Resources */ = {isa = PBXBuildFile; fileRef = 329153D52A864D5C007BBF35 /* Preview Assets.xcassets */; };
		329153D82A864D5C007BBF35 /* Persistence.swift in Sources */ = {isa = PBXBuildFile; fileRef = 329153D72A864D5C007BBF35 /* Persistence.swift */; };
		329153DB2A864D5C007BBF35 /* CustomFramworkTestField.xcdatamodeld in Sources */ = {isa = PBXBuildFile; fileRef = 329153D92A864D5C007BBF35 /* CustomFramworkTestField.xcdatamodeld */; };
		329153E62A86E7CE007BBF35 /* CustomFramework in Frameworks */ = {isa = PBXBuildFile; productRef = 329153E52A86E7CE007BBF35 /* CustomFramework */; };
/* End PBXBuildFile section */

/* Begin PBXFileReference section */
		329153CB2A864D5C007BBF35 /* CustomFramworkTestField.app */ = {isa = PBXFileReference; explicitFileType = wrapper.application; includeInIndex = 0; path = CustomFramworkTestField.app; sourceTree = BUILT_PRODUCTS_DIR; };
		329153CE2A864D5C007BBF35 /* CustomFramworkTestFieldApp.swift */ = {isa = PBXFileReference; lastKnownFileType = sourcecode.swift; path = CustomFramworkTestFieldApp.swift; sourceTree = "<group>"; };
		329153D02A864D5C007BBF35 /* ContentView.swift */ = {isa = PBXFileReference; lastKnownFileType = sourcecode.swift; path = ContentView.swift; sourceTree = "<group>"; };
		329153D22A864D5C007BBF35 /* Assets.xcassets */ = {isa = PBXFileReference; lastKnownFileType = folder.assetcatalog; path = Assets.xcassets; sourceTree = "<group>"; };
		329153D52A864D5C007BBF35 /* Preview Assets.xcassets */ = {isa = PBXFileReference; lastKnownFileType = folder.assetcatalog; path = "Preview Assets.xcassets"; sourceTree = "<group>"; };
		329153D72A864D5C007BBF35 /* Persistence.swift */ = {isa = PBXFileReference; lastKnownFileType = sourcecode.swift; path = Persistence.swift; sourceTree = "<group>"; };
		329153DA2A864D5C007BBF35 /* CustomFramworkTestField.xcdatamodel */ = {isa = PBXFileReference; lastKnownFileType = wrapper.xcdatamodel; path = CustomFramworkTestField.xcdatamodel; sourceTree = "<group>"; };
/* End PBXFileReference section */

/* Begin PBXFrameworksBuildPhase section */
		329153C82A864D5C007BBF35 /* Frameworks */ = {
			isa = PBXFrameworksBuildPhase;
			buildActionMask = 2147483647;
			files = (
				329153E62A86E7CE007BBF35 /* CustomFramework in Frameworks */,
			);
			runOnlyForDeploymentPostprocessing = 0;
		};
/* End PBXFrameworksBuildPhase section */

/* Begin PBXGroup section */
		329153C22A864D5C007BBF35 = {
			isa = PBXGroup;
			children = (
				329153CD2A864D5C007BBF35 /* CustomFramworkTestField */,
				329153CC2A864D5C007BBF35 /* Products */,
			);
			sourceTree = "<group>";
		};
		329153CC2A864D5C007BBF35 /* Products */ = {
			isa = PBXGroup;
			children = (
				329153CB2A864D5C007BBF35 /* CustomFramworkTestField.app */,
			);
			name = Products;
			sourceTree = "<group>";
		};
		329153CD2A864D5C007BBF35 /* CustomFramworkTestField */ = {
			isa = PBXGroup;
			children = (
				329153CE2A864D5C007BBF35 /* CustomFramworkTestFieldApp.swift */,
				329153D02A864D5C007BBF35 /* ContentView.swift */,
				329153D22A864D5C007BBF35 /* Assets.xcassets */,
				329153D72A864D5C007BBF35 /* Persistence.swift */,
				329153D92A864D5C007BBF35 /* CustomFramworkTestField.xcdatamodeld */,
				329153D42A864D5C007BBF35 /* Preview Content */,
			);
			path = CustomFramworkTestField;
			sourceTree = "<group>";
		};
		329153D42A864D5C007BBF35 /* Preview Content */ = {
			isa = PBXGroup;
			children = (
				329153D52A864D5C007BBF35 /* Preview Assets.xcassets */,
			);
			path = "Preview Content";
			sourceTree = "<group>";
		};
/* End PBXGroup section */

/* Begin PBXNativeTarget section */
		329153CA2A864D5C007BBF35 /* CustomFramworkTestField */ = {
			isa = PBXNativeTarget;
			buildConfigurationList = 329153DE2A864D5C007BBF35 /* Build configuration list for PBXNativeTarget "CustomFramworkTestField" */;
			buildPhases = (
				329153C72A864D5C007BBF35 /* Sources */,
				329153C82A864D5C007BBF35 /* Frameworks */,
				329153C92A864D5C007BBF35 /* Resources */,
			);
			buildRules = (
			);
			dependencies = (
			);
			name = CustomFramworkTestField;
			packageProductDependencies = (
				329153E52A86E7CE007BBF35 /* CustomFramework */,
			);
			productName = CustomFramworkTestField;
			productReference = 329153CB2A864D5C007BBF35 /* CustomFramworkTestField.app */;
			productType = "com.apple.product-type.application";
		};
/* End PBXNativeTarget section */

/* Begin PBXProject section */
		329153C32A864D5C007BBF35 /* Project object */ = {
			isa = PBXProject;
			attributes = {
				BuildIndependentTargetsInParallel = 1;
				LastSwiftUpdateCheck = 1430;
				LastUpgradeCheck = 1430;
				TargetAttributes = {
					329153CA2A864D5C007BBF35 = {
						CreatedOnToolsVersion = 14.3.1;
					};
				};
			};
			buildConfigurationList = 329153C62A864D5C007BBF35 /* Build configuration list for PBXProject "CustomFramworkTestField" */;
			compatibilityVersion = "Xcode 14.0";
			developmentRegion = en;
			hasScannedForEncodings = 0;
			knownRegions = (
				en,
				Base,
			);
			mainGroup = 329153C22A864D5C007BBF35;
			packageReferences = (
				329153E42A86E7CE007BBF35 /* XCRemoteSwiftPackageReference "CustomFramework" */,
			);
			productRefGroup = 329153CC2A864D5C007BBF35 /* Products */;
			projectDirPath = "";
			projectRoot = "";
			targets = (
				329153CA2A864D5C007BBF35 /* CustomFramworkTestField */,
			);
		};
/* End PBXProject section */

/* Begin PBXResourcesBuildPhase section */
		329153C92A864D5C007BBF35 /* Resources */ = {
			isa = PBXResourcesBuildPhase;
			buildActionMask = 2147483647;
			files = (
				329153D62A864D5C007BBF35 /* Preview Assets.xcassets in Resources */,
				329153D32A864D5C007BBF35 /* Assets.xcassets in Resources */,
			);
			runOnlyForDeploymentPostprocessing = 0;
		};
/* End PBXResourcesBuildPhase section */

/* Begin PBXSourcesBuildPhase section */
		329153C72A864D5C007BBF35 /* Sources */ = {
			isa = PBXSourcesBuildPhase;
			buildActionMask = 2147483647;
			files = (
				329153DB2A864D5C007BBF35 /* CustomFramworkTestField.xcdatamodeld in Sources */,
				329153D82A864D5C007BBF35 /* Persistence.swift in Sources */,
				329153D12A864D5C007BBF35 /* ContentView.swift in Sources */,
				329153CF2A864D5C007BBF35 /* CustomFramworkTestFieldApp.swift in Sources */,
			);
			runOnlyForDeploymentPostprocessing = 0;
		};
/* End PBXSourcesBuildPhase section */

/* Begin XCBuildConfiguration section */
		329153DC2A864D5C007BBF35 /* Debug */ = {
			isa = XCBuildConfiguration;
			buildSettings = {
				ALWAYS_SEARCH_USER_PATHS = NO;
				CLANG_ANALYZER_NONNULL = YES;
				CLANG_ANALYZER_NUMBER_OBJECT_CONVERSION = YES_AGGRESSIVE;
				CLANG_CXX_LANGUAGE_STANDARD = "gnu++20";
				CLANG_ENABLE_MODULES = YES;
				CLANG_ENABLE_OBJC_ARC = YES;
				CLANG_ENABLE_OBJC_WEAK = YES;
				CLANG_WARN_BLOCK_CAPTURE_AUTORELEASING = YES;
				CLANG_WARN_BOOL_CONVERSION = YES;
				CLANG_WARN_COMMA = YES;
				CLANG_WARN_CONSTANT_CONVERSION = YES;
				CLANG_WARN_DEPRECATED_OBJC_IMPLEMENTATIONS = YES;
				CLANG_WARN_DIRECT_OBJC_ISA_USAGE = YES_ERROR;
				CLANG_WARN_DOCUMENTATION_COMMENTS = YES;
				CLANG_WARN_EMPTY_BODY = YES;
				CLANG_WARN_ENUM_CONVERSION = YES;
				CLANG_WARN_INFINITE_RECURSION = YES;
				CLANG_WARN_INT_CONVERSION = YES;
				CLANG_WARN_NON_LITERAL_NULL_CONVERSION = YES;
				CLANG_WARN_OBJC_IMPLICIT_RETAIN_SELF = YES;
				CLANG_WARN_OBJC_LITERAL_CONVERSION = YES;
				CLANG_WARN_OBJC_ROOT_CLASS = YES_ERROR;
				CLANG_WARN_QUOTED_INCLUDE_IN_FRAMEWORK_HEADER = YES;
				CLANG_WARN_RANGE_LOOP_ANALYSIS = YES;
				CLANG_WARN_STRICT_PROTOTYPES = YES;
				CLANG_WARN_SUSPICIOUS_MOVE = YES;
				CLANG_WARN_UNGUARDED_AVAILABILITY = YES_AGGRESSIVE;
				CLANG_WARN_UNREACHABLE_CODE = YES;
				CLANG_WARN__DUPLICATE_METHOD_MATCH = YES;
				COPY_PHASE_STRIP = NO;
				DEBUG_INFORMATION_FORMAT = dwarf;
				ENABLE_STRICT_OBJC_MSGSEND = YES;
				ENABLE_TESTABILITY = YES;
				GCC_C_LANGUAGE_STANDARD = gnu11;
				GCC_DYNAMIC_NO_PIC = NO;
				GCC_NO_COMMON_BLOCKS = YES;
				GCC_OPTIMIZATION_LEVEL = 0;
				GCC_PREPROCESSOR_DEFINITIONS = (
					"DEBUG=1",
					"$(inherited)",
				);
				GCC_WARN_64_TO_32_BIT_CONVERSION = YES;
				GCC_WARN_ABOUT_RETURN_TYPE = YES_ERROR;
				GCC_WARN_UNDECLARED_SELECTOR = YES;
				GCC_WARN_UNINITIALIZED_AUTOS = YES_AGGRESSIVE;
				GCC_WARN_UNUSED_FUNCTION = YES;
				GCC_WARN_UNUSED_VARIABLE = YES;
				IPHONEOS_DEPLOYMENT_TARGET = 16.4;
				MTL_ENABLE_DEBUG_INFO = INCLUDE_SOURCE;
				MTL_FAST_MATH = YES;
				ONLY_ACTIVE_ARCH = YES;
				SDKROOT = iphoneos;
				SWIFT_ACTIVE_COMPILATION_CONDITIONS = DEBUG;
				SWIFT_OPTIMIZATION_LEVEL = "-Onone";
			};
			name = Debug;
		};
		329153DD2A864D5C007BBF35 /* Release */ = {
			isa = XCBuildConfiguration;
			buildSettings = {
				ALWAYS_SEARCH_USER_PATHS = NO;
				CLANG_ANALYZER_NONNULL = YES;
				CLANG_ANALYZER_NUMBER_OBJECT_CONVERSION = YES_AGGRESSIVE;
				CLANG_CXX_LANGUAGE_STANDARD = "gnu++20";
				CLANG_ENABLE_MODULES = YES;
				CLANG_ENABLE_OBJC_ARC = YES;
				CLANG_ENABLE_OBJC_WEAK = YES;
				CLANG_WARN_BLOCK_CAPTURE_AUTORELEASING = YES;
				CLANG_WARN_BOOL_CONVERSION = YES;
				CLANG_WARN_COMMA = YES;
				CLANG_WARN_CONSTANT_CONVERSION = YES;
				CLANG_WARN_DEPRECATED_OBJC_IMPLEMENTATIONS = YES;
				CLANG_WARN_DIRECT_OBJC_ISA_USAGE = YES_ERROR;
				CLANG_WARN_DOCUMENTATION_COMMENTS = YES;
				CLANG_WARN_EMPTY_BODY = YES;
				CLANG_WARN_ENUM_CONVERSION = YES;
				CLANG_WARN_INFINITE_RECURSION = YES;
				CLANG_WARN_INT_CONVERSION = YES;
				CLANG_WARN_NON_LITERAL_NULL_CONVERSION = YES;
				CLANG_WARN_OBJC_IMPLICIT_RETAIN_SELF = YES;
				CLANG_WARN_OBJC_LITERAL_CONVERSION = YES;
				CLANG_WARN_OBJC_ROOT_CLASS = YES_ERROR;
				CLANG_WARN_QUOTED_INCLUDE_IN_FRAMEWORK_HEADER = YES;
				CLANG_WARN_RANGE_LOOP_ANALYSIS = YES;
				CLANG_WARN_STRICT_PROTOTYPES = YES;
				CLANG_WARN_SUSPICIOUS_MOVE = YES;
				CLANG_WARN_UNGUARDED_AVAILABILITY = YES_AGGRESSIVE;
				CLANG_WARN_UNREACHABLE_CODE = YES;
				CLANG_WARN__DUPLICATE_METHOD_MATCH = YES;
				COPY_PHASE_STRIP = NO;
				DEBUG_INFORMATION_FORMAT = "dwarf-with-dsym";
				ENABLE_NS_ASSERTIONS = NO;
				ENABLE_STRICT_OBJC_MSGSEND = YES;
				GCC_C_LANGUAGE_STANDARD = gnu11;
				GCC_NO_COMMON_BLOCKS = YES;
				GCC_WARN_64_TO_32_BIT_CONVERSION = YES;
				GCC_WARN_ABOUT_RETURN_TYPE = YES_ERROR;
				GCC_WARN_UNDECLARED_SELECTOR = YES;
				GCC_WARN_UNINITIALIZED_AUTOS = YES_AGGRESSIVE;
				GCC_WARN_UNUSED_FUNCTION = YES;
				GCC_WARN_UNUSED_VARIABLE = YES;
				IPHONEOS_DEPLOYMENT_TARGET = 16.4;
				MTL_ENABLE_DEBUG_INFO = NO;
				MTL_FAST_MATH = YES;
				SDKROOT = iphoneos;
				SWIFT_COMPILATION_MODE = wholemodule;
				SWIFT_OPTIMIZATION_LEVEL = "-O";
				VALIDATE_PRODUCT = YES;
			};
			name = Release;
		};
		329153DF2A864D5C007BBF35 /* Debug */ = {
			isa = XCBuildConfiguration;
			buildSettings = {
				ASSETCATALOG_COMPILER_APPICON_NAME = AppIcon;
				ASSETCATALOG_COMPILER_GLOBAL_ACCENT_COLOR_NAME = AccentColor;
				CODE_SIGN_STYLE = Automatic;
				CURRENT_PROJECT_VERSION = 1;
				DEVELOPMENT_ASSET_PATHS = "\"CustomFramworkTestField/Preview Content\"";
				DEVELOPMENT_TEAM = 7XNUF77G55;
				ENABLE_PREVIEWS = YES;
				GENERATE_INFOPLIST_FILE = YES;
				INFOPLIST_KEY_UIApplicationSceneManifest_Generation = YES;
				INFOPLIST_KEY_UIApplicationSupportsIndirectInputEvents = YES;
				INFOPLIST_KEY_UILaunchScreen_Generation = YES;
				INFOPLIST_KEY_UISupportedInterfaceOrientations_iPad = "UIInterfaceOrientationPortrait UIInterfaceOrientationPortraitUpsideDown UIInterfaceOrientationLandscapeLeft UIInterfaceOrientationLandscapeRight";
				INFOPLIST_KEY_UISupportedInterfaceOrientations_iPhone = "UIInterfaceOrientationPortrait UIInterfaceOrientationLandscapeLeft UIInterfaceOrientationLandscapeRight";
				LD_RUNPATH_SEARCH_PATHS = (
					"$(inherited)",
					"@executable_path/Frameworks",
				);
				MARKETING_VERSION = 1.0;
				PRODUCT_BUNDLE_IDENTIFIER = shraj.CustomFramworkTestField;
				PRODUCT_NAME = "$(TARGET_NAME)";
				SWIFT_EMIT_LOC_STRINGS = YES;
				SWIFT_VERSION = 5.0;
				TARGETED_DEVICE_FAMILY = "1,2";
			};
			name = Debug;
		};
		329153E02A864D5C007BBF35 /* Release */ = {
			isa = XCBuildConfiguration;
			buildSettings = {
				ASSETCATALOG_COMPILER_APPICON_NAME = AppIcon;
				ASSETCATALOG_COMPILER_GLOBAL_ACCENT_COLOR_NAME = AccentColor;
				CODE_SIGN_STYLE = Automatic;
				CURRENT_PROJECT_VERSION = 1;
				DEVELOPMENT_ASSET_PATHS = "\"CustomFramworkTestField/Preview Content\"";
				DEVELOPMENT_TEAM = 7XNUF77G55;
				ENABLE_PREVIEWS = YES;
				GENERATE_INFOPLIST_FILE = YES;
				INFOPLIST_KEY_UIApplicationSceneManifest_Generation = YES;
				INFOPLIST_KEY_UIApplicationSupportsIndirectInputEvents = YES;
				INFOPLIST_KEY_UILaunchScreen_Generation = YES;
				INFOPLIST_KEY_UISupportedInterfaceOrientations_iPad = "UIInterfaceOrientationPortrait UIInterfaceOrientationPortraitUpsideDown UIInterfaceOrientationLandscapeLeft UIInterfaceOrientationLandscapeRight";
				INFOPLIST_KEY_UISupportedInterfaceOrientations_iPhone = "UIInterfaceOrientationPortrait UIInterfaceOrientationLandscapeLeft UIInterfaceOrientationLandscapeRight";
				LD_RUNPATH_SEARCH_PATHS = (
					"$(inherited)",
					"@executable_path/Frameworks",
				);
				MARKETING_VERSION = 1.0;
				PRODUCT_BUNDLE_IDENTIFIER = shraj.CustomFramworkTestField;
				PRODUCT_NAME = "$(TARGET_NAME)";
				SWIFT_EMIT_LOC_STRINGS = YES;
				SWIFT_VERSION = 5.0;
				TARGETED_DEVICE_FAMILY = "1,2";
			};
			name = Release;
		};
/* End XCBuildConfiguration section */

/* Begin XCConfigurationList section */
		329153C62A864D5C007BBF35 /* Build configuration list for PBXProject "CustomFramworkTestField" */ = {
			isa = XCConfigurationList;
			buildConfigurations = (
				329153DC2A864D5C007BBF35 /* Debug */,
				329153DD2A864D5C007BBF35 /* Release */,
			);
			defaultConfigurationIsVisible = 0;
			defaultConfigurationName = Release;
		};
		329153DE2A864D5C007BBF35 /* Build configuration list for PBXNativeTarget "CustomFramworkTestField" */ = {
			isa = XCConfigurationList;
			buildConfigurations = (
				329153DF2A864D5C007BBF35 /* Debug */,
				329153E02A864D5C007BBF35 /* Release */,
			);
			defaultConfigurationIsVisible = 0;
			defaultConfigurationName = Release;
		};
/* End XCConfigurationList section */

/* Begin XCRemoteSwiftPackageReference section */
		329153E42A86E7CE007BBF35 /* XCRemoteSwiftPackageReference "CustomFramework" */ = {
			isa = XCRemoteSwiftPackageReference;
			repositoryURL = "https://github.com/dimshraj/CustomFramework.git";
			requirement = {
				kind = upToNextMajorVersion;
				minimumVersion = 0.0.1;
			};
		};
/* End XCRemoteSwiftPackageReference section */

/* Begin XCSwiftPackageProductDependency section */
		329153E52A86E7CE007BBF35 /* CustomFramework */ = {
			isa = XCSwiftPackageProductDependency;
			package = 329153E42A86E7CE007BBF35 /* XCRemoteSwiftPackageReference "CustomFramework" */;
			productName = CustomFramework;
		};
/* End XCSwiftPackageProductDependency section */

/* Begin XCVersionGroup section */
		329153D92A864D5C007BBF35 /* CustomFramworkTestField.xcdatamodeld */ = {
			isa = XCVersionGroup;
			children = (
				329153DA2A864D5C007BBF35 /* CustomFramworkTestField.xcdatamodel */,
			);
			currentVersion = 329153DA2A864D5C007BBF35 /* CustomFramworkTestField.xcdatamodel */;
			path = CustomFramworkTestField.xcdatamodeld;
			sourceTree = "<group>";
			versionGroupType = wrapper.xcdatamodel;
		};
/* End XCVersionGroup section */
	};
	rootObject = 329153C32A864D5C007BBF35 /* Project object */;
}
